
Microsoft Visual Studio Solution File, Format Version 12.00
# Visual Studio Version 16
VisualStudioVersion = 16.0.30804.86
MinimumVisualStudioVersion = 15.0.26124.0
Project("{9A19103F-16F7-4668-BE54-9A1E7A4F7556}") = "Houston", "Houston\Houston.csproj", "{FBD6A45A-ADF2-47FE-9044-CD4A5E0ED5F6}"
EndProject
Project("{9A19103F-16F7-4668-BE54-9A1E7A4F7556}") = "Houston.Windows", "Houston.Windows\Houston.Windows.csproj", "{1134739D-3486-48A9-B886-C23FFDDF7A61}"
EndProject
Project("{2150E333-8FDC-42A3-9474-1A3956D46DE8}") = "@", "@", "{BA3E2CC4-DD00-4E5D-8C69-9208163B929F}"
EndProject
Project("{9A19103F-16F7-4668-BE54-9A1E7A4F7556}") = "Web.Houston", "@\Web.Houston\Web.Houston.csproj", "{D2250ED7-34D0-41F1-AA1F-BB6E8B4E51B0}"
EndProject
Project("{9A19103F-16F7-4668-BE54-9A1E7A4F7556}") = "CLI.Houston", "@\CLI.Houston\CLI.Houston.csproj", "{8BA045F3-6AA9-4976-8272-537462E11956}"
EndProject
Project("{9A19103F-16F7-4668-BE54-9A1E7A4F7556}") = "Houston.Mocks", "Houston.Mocks\Houston.Mocks.csproj", "{6EC76FCD-59F2-49BA-81CD-2F14DD85F1A4}"
EndProject
Project("{FAE04EC0-301F-11D3-BF4B-00C04F79EFBC}") = "Houston.Tests", "Houston.Tests\Houston.Tests.csproj", "{B077DB6A-7127-4934-99D4-E66DE37C0C9B}"
EndProject
Global
	GlobalSection(SolutionConfigurationPlatforms) = preSolution
		Debug|Any CPU = Debug|Any CPU
		Debug|x64 = Debug|x64
		Debug|x86 = Debug|x86
		Release|Any CPU = Release|Any CPU
		Release|x64 = Release|x64
		Release|x86 = Release|x86
	EndGlobalSection
	GlobalSection(ProjectConfigurationPlatforms) = postSolution
		{FBD6A45A-ADF2-47FE-9044-CD4A5E0ED5F6}.Debug|Any CPU.ActiveCfg = Debug|Any CPU
		{FBD6A45A-ADF2-47FE-9044-CD4A5E0ED5F6}.Debug|Any CPU.Build.0 = Debug|Any CPU
		{FBD6A45A-ADF2-47FE-9044-CD4A5E0ED5F6}.Debug|x64.ActiveCfg = Debug|Any CPU
		{FBD6A45A-ADF2-47FE-9044-CD4A5E0ED5F6}.Debug|x64.Build.0 = Debug|Any CPU
		{FBD6A45A-ADF2-47FE-9044-CD4A5E0ED5F6}.Debug|x86.ActiveCfg = Debug|Any CPU
		{FBD6A45A-ADF2-47FE-9044-CD4A5E0ED5F6}.Debug|x86.Build.0 = Debug|Any CPU
		{FBD6A45A-ADF2-47FE-9044-CD4A5E0ED5F6}.Release|Any CPU.ActiveCfg = Release|Any CPU
		{FBD6A45A-ADF2-47FE-9044-CD4A5E0ED5F6}.Release|Any CPU.Build.0 = Release|Any CPU
		{FBD6A45A-ADF2-47FE-9044-CD4A5E0ED5F6}.Release|x64.ActiveCfg = Release|Any CPU
		{FBD6A45A-ADF2-47FE-9044-CD4A5E0ED5F6}.Release|x64.Build.0 = Release|Any CPU
		{FBD6A45A-ADF2-47FE-9044-CD4A5E0ED5F6}.Release|x86.ActiveCfg = Release|Any CPU
		{FBD6A45A-ADF2-47FE-9044-CD4A5E0ED5F6}.Release|x86.Build.0 = Release|Any CPU
		{1134739D-3486-48A9-B886-C23FFDDF7A61}.Debug|Any CPU.ActiveCfg = Debug|Any CPU
		{1134739D-3486-48A9-B886-C23FFDDF7A61}.Debug|Any CPU.Build.0 = Debug|Any CPU
		{1134739D-3486-48A9-B886-C23FFDDF7A61}.Debug|x64.ActiveCfg = Debug|Any CPU
		{1134739D-3486-48A9-B886-C23FFDDF7A61}.Debug|x64.Build.0 = Debug|Any CPU
		{1134739D-3486-48A9-B886-C23FFDDF7A61}.Debug|x86.ActiveCfg = Debug|Any CPU
		{1134739D-3486-48A9-B886-C23FFDDF7A61}.Debug|x86.Build.0 = Debug|Any CPU
		{1134739D-3486-48A9-B886-C23FFDDF7A61}.Release|Any CPU.ActiveCfg = Release|Any CPU
		{1134739D-3486-48A9-B886-C23FFDDF7A61}.Release|Any CPU.Build.0 = Release|Any CPU
		{1134739D-3486-48A9-B886-C23FFDDF7A61}.Release|x64.ActiveCfg = Release|Any CPU
		{1134739D-3486-48A9-B886-C23FFDDF7A61}.Release|x64.Build.0 = Release|Any CPU
		{1134739D-3486-48A9-B886-C23FFDDF7A61}.Release|x86.ActiveCfg = Release|Any CPU
		{1134739D-3486-48A9-B886-C23FFDDF7A61}.Release|x86.Build.0 = Release|Any CPU
		{D2250ED7-34D0-41F1-AA1F-BB6E8B4E51B0}.Debug|Any CPU.ActiveCfg = Debug|Any CPU
		{D2250ED7-34D0-41F1-AA1F-BB6E8B4E51B0}.Debug|Any CPU.Build.0 = Debug|Any CPU
		{D2250ED7-34D0-41F1-AA1F-BB6E8B4E51B0}.Debug|x64.ActiveCfg = Debug|Any CPU
		{D2250ED7-34D0-41F1-AA1F-BB6E8B4E51B0}.Debug|x64.Build.0 = Debug|Any CPU
		{D2250ED7-34D0-41F1-AA1F-BB6E8B4E51B0}.Debug|x86.ActiveCfg = Debug|Any CPU
		{D2250ED7-34D0-41F1-AA1F-BB6E8B4E51B0}.Debug|x86.Build.0 = Debug|Any CPU
		{D2250ED7-34D0-41F1-AA1F-BB6E8B4E51B0}.Release|Any CPU.ActiveCfg = Release|Any CPU
		{D2250ED7-34D0-41F1-AA1F-BB6E8B4E51B0}.Release|Any CPU.Build.0 = Release|Any CPU
		{D2250ED7-34D0-41F1-AA1F-BB6E8B4E51B0}.Release|x64.ActiveCfg = Release|Any CPU
		{D2250ED7-34D0-41F1-AA1F-BB6E8B4E51B0}.Release|x64.Build.0 = Release|Any CPU
		{D2250ED7-34D0-41F1-AA1F-BB6E8B4E51B0}.Release|x86.ActiveCfg = Release|Any CPU
		{D2250ED7-34D0-41F1-AA1F-BB6E8B4E51B0}.Release|x86.Build.0 = Release|Any CPU
		{8BA045F3-6AA9-4976-8272-537462E11956}.Debug|Any CPU.ActiveCfg = Debug|Any CPU
		{8BA045F3-6AA9-4976-8272-537462E11956}.Debug|Any CPU.Build.0 = Debug|Any CPU
		{8BA045F3-6AA9-4976-8272-537462E11956}.Debug|x64.ActiveCfg = Debug|Any CPU
		{8BA045F3-6AA9-4976-8272-537462E11956}.Debug|x64.Build.0 = Debug|Any CPU
		{8BA045F3-6AA9-4976-8272-537462E11956}.Debug|x86.ActiveCfg = Debug|Any CPU
		{8BA045F3-6AA9-4976-8272-537462E11956}.Debug|x86.Build.0 = Debug|Any CPU
		{8BA045F3-6AA9-4976-8272-537462E11956}.Release|Any CPU.ActiveCfg = Release|Any CPU
		{8BA045F3-6AA9-4976-8272-537462E11956}.Release|Any CPU.Build.0 = Release|Any CPU
		{8BA045F3-6AA9-4976-8272-537462E11956}.Release|x64.ActiveCfg = Release|Any CPU
		{8BA045F3-6AA9-4976-8272-537462E11956}.Release|x64.Build.0 = Release|Any CPU
		{8BA045F3-6AA9-4976-8272-537462E11956}.Release|x86.ActiveCfg = Release|Any CPU
		{8BA045F3-6AA9-4976-8272-537462E11956}.Release|x86.Build.0 = Release|Any CPU
		{6EC76FCD-59F2-49BA-81CD-2F14DD85F1A4}.Debug|Any CPU.ActiveCfg = Debug|Any CPU
		{6EC76FCD-59F2-49BA-81CD-2F14DD85F1A4}.Debug|Any CPU.Build.0 = Debug|Any CPU
		{6EC76FCD-59F2-49BA-81CD-2F14DD85F1A4}.Debug|x64.ActiveCfg = Debug|Any CPU
		{6EC76FCD-59F2-49BA-81CD-2F14DD85F1A4}.Debug|x64.Build.0 = Debug|Any CPU
		{6EC76FCD-59F2-49BA-81CD-2F14DD85F1A4}.Debug|x86.ActiveCfg = Debug|Any CPU
		{6EC76FCD-59F2-49BA-81CD-2F14DD85F1A4}.Debug|x86.Build.0 = Debug|Any CPU
		{6EC76FCD-59F2-49BA-81CD-2F14DD85F1A4}.Release|Any CPU.ActiveCfg = Release|Any CPU
		{6EC76FCD-59F2-49BA-81CD-2F14DD85F1A4}.Release|Any CPU.Build.0 = Release|Any CPU
		{6EC76FCD-59F2-49BA-81CD-2F14DD85F1A4}.Release|x64.ActiveCfg = Release|Any CPU
		{6EC76FCD-59F2-49BA-81CD-2F14DD85F1A4}.Release|x64.Build.0 = Release|Any CPU
		{6EC76FCD-59F2-49BA-81CD-2F14DD85F1A4}.Release|x86.ActiveCfg = Release|Any CPU
		{6EC76FCD-59F2-49BA-81CD-2F14DD85F1A4}.Release|x86.Build.0 = Release|Any CPU
		{B077DB6A-7127-4934-99D4-E66DE37C0C9B}.Debug|Any CPU.ActiveCfg = Debug|Any CPU
		{B077DB6A-7127-4934-99D4-E66DE37C0C9B}.Debug|Any CPU.Build.0 = Debug|Any CPU
		{B077DB6A-7127-4934-99D4-E66DE37C0C9B}.Debug|x64.ActiveCfg = Debug|Any CPU
		{B077DB6A-7127-4934-99D4-E66DE37C0C9B}.Debug|x64.Build.0 = Debug|Any CPU
		{B077DB6A-7127-4934-99D4-E66DE37C0C9B}.Debug|x86.ActiveCfg = Debug|Any CPU
		{B077DB6A-7127-4934-99D4-E66DE37C0C9B}.Debug|x86.Build.0 = Debug|Any CPU
		{B077DB6A-7127-4934-99D4-E66DE37C0C9B}.Release|Any CPU.ActiveCfg = Release|Any CPU
		{B077DB6A-7127-4934-99D4-E66DE37C0C9B}.Release|Any CPU.Build.0 = Release|Any CPU
		{B077DB6A-7127-4934-99D4-E66DE37C0C9B}.Release|x64.ActiveCfg = Release|Any CPU
		{B077DB6A-7127-4934-99D4-E66DE37C0C9B}.Release|x64.Build.0 = Release|Any CPU
		{B077DB6A-7127-4934-99D4-E66DE37C0C9B}.Release|x86.ActiveCfg = Release|Any CPU
		{B077DB6A-7127-4934-99D4-E66DE37C0C9B}.Release|x86.Build.0 = Release|Any CPU
	EndGlobalSection
	GlobalSection(SolutionProperties) = preSolution
		HideSolutionNode = FALSE
	EndGlobalSection
	GlobalSection(NestedProjects) = preSolution
		{D2250ED7-34D0-41F1-AA1F-BB6E8B4E51B0} = {BA3E2CC4-DD00-4E5D-8C69-9208163B929F}
		{8BA045F3-6AA9-4976-8272-537462E11956} = {BA3E2CC4-DD00-4E5D-8C69-9208163B929F}
	EndGlobalSection
	GlobalSection(ExtensibilityGlobals) = postSolution
		SolutionGuid = {7EC769B6-03E2-4FED-B91E-0462D5513AB2}
	EndGlobalSection
EndGlobal
